// !$*UTF8*$!
{
	archiveVersion = 1;
	classes = {
	};
	objectVersion = 46;
	objects = {

/* Begin PBXBuildFile section */
		56C4634BB847BF87C6F8F243 /* libPods-EasyEtsy.a in Frameworks */ = {isa = PBXBuildFile; fileRef = EA9B8C289057B1A76F85CA43 /* libPods-EasyEtsy.a */; };
		58C7A37CCCA072AAE08246F3 /* searchresults.png in Resources */ = {isa = PBXBuildFile; fileRef = 58C7A64EB7C3EEB62B09FE9A /* searchresults.png */; };
		58C7A80705DE0946291F14BA /* searchscreen.png in Resources */ = {isa = PBXBuildFile; fileRef = 58C7AC552B69A69EDE0AC2FD /* searchscreen.png */; };
		58C7AB2267BB7E62066EA3B0 /* ListingsCollectionBaseViewController.m in Sources */ = {isa = PBXBuildFile; fileRef = 58C7A4E2A5768FAD0F424123 /* ListingsCollectionBaseViewController.m */; };
		58C7AFF387C19A4BDF0F2CCB /* details.png in Resources */ = {isa = PBXBuildFile; fileRef = 58C7AB7FC8892E580D1BA506 /* details.png */; };
		ACD0096F1C9305C50030FC19 /* Screenshots in Resources */ = {isa = PBXBuildFile; fileRef = ACD0096E1C9305C50030FC19 /* Screenshots */; };
		C80EE0071B9128920047EC71 /* SavedListingsCollectionViewController.m in Sources */ = {isa = PBXBuildFile; fileRef = C80EE0061B9128920047EC71 /* SavedListingsCollectionViewController.m */; };
		C81C62D91B8E50700062E761 /* EasyEtsy.xcdatamodeld in Sources */ = {isa = PBXBuildFile; fileRef = C81C62D71B8E50700062E761 /* EasyEtsy.xcdatamodeld */; };
		C81C62DD1B8E58230062E761 /* SearchViewController.m in Sources */ = {isa = PBXBuildFile; fileRef = C81C62DC1B8E58230062E761 /* SearchViewController.m */; };
		C81C62E21B8E5D3E0062E761 /* ListingCategory.m in Sources */ = {isa = PBXBuildFile; fileRef = C81C62E11B8E5D3E0062E761 /* ListingCategory.m */; };
		C81C62E61B8E60400062E761 /* EtsyWebServiceAPI.m in Sources */ = {isa = PBXBuildFile; fileRef = C81C62E51B8E60400062E761 /* EtsyWebServiceAPI.m */; };
		C81C62E91B8E60A70062E761 /* EtsyWebServiceAPIConstants.m in Sources */ = {isa = PBXBuildFile; fileRef = C81C62E81B8E60A70062E761 /* EtsyWebServiceAPIConstants.m */; };
		C84043DC1B8F046800C15C9E /* ListingCollectionViewCell.m in Sources */ = {isa = PBXBuildFile; fileRef = C84043DB1B8F046800C15C9E /* ListingCollectionViewCell.m */; };
		C84043E01B8F050A00C15C9E /* SearchResultsViewController.m in Sources */ = {isa = PBXBuildFile; fileRef = C84043DF1B8F050A00C15C9E /* SearchResultsViewController.m */; };
		C84043E41B8F089A00C15C9E /* Constants.m in Sources */ = {isa = PBXBuildFile; fileRef = C84043E31B8F089A00C15C9E /* Constants.m */; };
		C84043E81B8F0DCB00C15C9E /* Listing.m in Sources */ = {isa = PBXBuildFile; fileRef = C84043E71B8F0DCB00C15C9E /* Listing.m */; };
		C84043EB1B8F0E5800C15C9E /* Listing+Extensions.m in Sources */ = {isa = PBXBuildFile; fileRef = C84043EA1B8F0E5800C15C9E /* Listing+Extensions.m */; };
		C85219711B8FBF37002CB974 /* SingleListingDetailsViewController.m in Sources */ = {isa = PBXBuildFile; fileRef = C85219701B8FBF37002CB974 /* SingleListingDetailsViewController.m */; };
		C8BB22471C50641D00A7EC23 /* UILabel+UILabelDynamicHeight.m in Sources */ = {isa = PBXBuildFile; fileRef = C8BB22461C50641D00A7EC23 /* UILabel+UILabelDynamicHeight.m */; };
		C8D2194B1C502BA300937D4B /* NSString+Extensions.m in Sources */ = {isa = PBXBuildFile; fileRef = C8D2194A1C502BA300937D4B /* NSString+Extensions.m */; };
		C8DC8A1F1B8E4135002D395B /* main.m in Sources */ = {isa = PBXBuildFile; fileRef = C8DC8A1E1B8E4135002D395B /* main.m */; };
		C8DC8A221B8E4135002D395B /* AppDelegate.m in Sources */ = {isa = PBXBuildFile; fileRef = C8DC8A211B8E4135002D395B /* AppDelegate.m */; };
		C8DC8A2B1B8E4135002D395B /* Main.storyboard in Resources */ = {isa = PBXBuildFile; fileRef = C8DC8A291B8E4135002D395B /* Main.storyboard */; };
		C8DC8A2D1B8E4135002D395B /* Images.xcassets in Resources */ = {isa = PBXBuildFile; fileRef = C8DC8A2C1B8E4135002D395B /* Images.xcassets */; };
		C8DC8A301B8E4135002D395B /* LaunchScreen.xib in Resources */ = {isa = PBXBuildFile; fileRef = C8DC8A2E1B8E4135002D395B /* LaunchScreen.xib */; };
		C8DC8A3C1B8E4135002D395B /* EasyEtsyTests.m in Sources */ = {isa = PBXBuildFile; fileRef = C8DC8A3B1B8E4135002D395B /* EasyEtsyTests.m */; };
		D3B3F161042501E61DEA0E8A /* libPods-EasyEtsyTests.a in Frameworks */ = {isa = PBXBuildFile; fileRef = 05D4339E3FBB51BD17418801 /* libPods-EasyEtsyTests.a */; };
/* End PBXBuildFile section */

/* Begin PBXContainerItemProxy section */
		C8DC8A361B8E4135002D395B /* PBXContainerItemProxy */ = {
			isa = PBXContainerItemProxy;
			containerPortal = C8DC8A111B8E4134002D395B /* Project object */;
			proxyType = 1;
			remoteGlobalIDString = C8DC8A181B8E4135002D395B;
			remoteInfo = EasyEtsy;
		};
/* End PBXContainerItemProxy section */

/* Begin PBXFileReference section */
		05D4339E3FBB51BD17418801 /* libPods-EasyEtsyTests.a */ = {isa = PBXFileReference; explicitFileType = archive.ar; includeInIndex = 0; path = "libPods-EasyEtsyTests.a"; sourceTree = BUILT_PRODUCTS_DIR; };
		42208A473399A155CF17E6BF /* Pods-EasyEtsy.debug.xcconfig */ = {isa = PBXFileReference; includeInIndex = 1; lastKnownFileType = text.xcconfig; name = "Pods-EasyEtsy.debug.xcconfig"; path = "Pods/Target Support Files/Pods-EasyEtsy/Pods-EasyEtsy.debug.xcconfig"; sourceTree = "<group>"; };
		58C7A4E2A5768FAD0F424123 /* ListingsCollectionBaseViewController.m */ = {isa = PBXFileReference; fileEncoding = 4; lastKnownFileType = sourcecode.c.objc; path = ListingsCollectionBaseViewController.m; sourceTree = "<group>"; };
		58C7A64EB7C3EEB62B09FE9A /* searchresults.png */ = {isa = PBXFileReference; lastKnownFileType = image.png; path = searchresults.png; sourceTree = "<group>"; };
		58C7AAF64141C360DC4D279F /* ListingsCollectionBaseViewController.h */ = {isa = PBXFileReference; fileEncoding = 4; lastKnownFileType = sourcecode.c.h; path = ListingsCollectionBaseViewController.h; sourceTree = "<group>"; };
		58C7AB7FC8892E580D1BA506 /* details.png */ = {isa = PBXFileReference; lastKnownFileType = image.png; path = details.png; sourceTree = "<group>"; };
		58C7AC552B69A69EDE0AC2FD /* searchscreen.png */ = {isa = PBXFileReference; lastKnownFileType = image.png; path = searchscreen.png; sourceTree = "<group>"; };
		ACD0096E1C9305C50030FC19 /* Screenshots */ = {isa = PBXFileReference; lastKnownFileType = folder; path = Screenshots; sourceTree = "<group>"; };
		C14BCCF9F656B21480333340 /* Pods-EasyEtsy.release.xcconfig */ = {isa = PBXFileReference; includeInIndex = 1; lastKnownFileType = text.xcconfig; name = "Pods-EasyEtsy.release.xcconfig"; path = "Pods/Target Support Files/Pods-EasyEtsy/Pods-EasyEtsy.release.xcconfig"; sourceTree = "<group>"; };
		C80EE0051B9128920047EC71 /* SavedListingsCollectionViewController.h */ = {isa = PBXFileReference; fileEncoding = 4; lastKnownFileType = sourcecode.c.h; path = SavedListingsCollectionViewController.h; sourceTree = "<group>"; };
		C80EE0061B9128920047EC71 /* SavedListingsCollectionViewController.m */ = {isa = PBXFileReference; fileEncoding = 4; lastKnownFileType = sourcecode.c.objc; path = SavedListingsCollectionViewController.m; sourceTree = "<group>"; };
		C81C62D81B8E50700062E761 /* EasyEtsy.xcdatamodel */ = {isa = PBXFileReference; lastKnownFileType = wrapper.xcdatamodel; path = EasyEtsy.xcdatamodel; sourceTree = "<group>"; };
		C81C62DB1B8E58230062E761 /* SearchViewController.h */ = {isa = PBXFileReference; fileEncoding = 4; lastKnownFileType = sourcecode.c.h; path = SearchViewController.h; sourceTree = "<group>"; };
		C81C62DC1B8E58230062E761 /* SearchViewController.m */ = {isa = PBXFileReference; fileEncoding = 4; lastKnownFileType = sourcecode.c.objc; path = SearchViewController.m; sourceTree = "<group>"; };
		C81C62E01B8E5D3E0062E761 /* ListingCategory.h */ = {isa = PBXFileReference; fileEncoding = 4; lastKnownFileType = sourcecode.c.h; path = ListingCategory.h; sourceTree = "<group>"; };
		C81C62E11B8E5D3E0062E761 /* ListingCategory.m */ = {isa = PBXFileReference; fileEncoding = 4; lastKnownFileType = sourcecode.c.objc; path = ListingCategory.m; sourceTree = "<group>"; };
		C81C62E41B8E60400062E761 /* EtsyWebServiceAPI.h */ = {isa = PBXFileReference; fileEncoding = 4; lastKnownFileType = sourcecode.c.h; path = EtsyWebServiceAPI.h; sourceTree = "<group>"; };
		C81C62E51B8E60400062E761 /* EtsyWebServiceAPI.m */ = {isa = PBXFileReference; fileEncoding = 4; lastKnownFileType = sourcecode.c.objc; path = EtsyWebServiceAPI.m; sourceTree = "<group>"; };
		C81C62E71B8E60A70062E761 /* EtsyWebServiceAPIConstants.h */ = {isa = PBXFileReference; fileEncoding = 4; lastKnownFileType = sourcecode.c.h; path = EtsyWebServiceAPIConstants.h; sourceTree = "<group>"; };
		C81C62E81B8E60A70062E761 /* EtsyWebServiceAPIConstants.m */ = {isa = PBXFileReference; fileEncoding = 4; lastKnownFileType = sourcecode.c.objc; path = EtsyWebServiceAPIConstants.m; sourceTree = "<group>"; };
		C84043DA1B8F046800C15C9E /* ListingCollectionViewCell.h */ = {isa = PBXFileReference; fileEncoding = 4; lastKnownFileType = sourcecode.c.h; path = ListingCollectionViewCell.h; sourceTree = "<group>"; };
		C84043DB1B8F046800C15C9E /* ListingCollectionViewCell.m */ = {isa = PBXFileReference; fileEncoding = 4; lastKnownFileType = sourcecode.c.objc; path = ListingCollectionViewCell.m; sourceTree = "<group>"; };
		C84043DE1B8F050A00C15C9E /* SearchResultsViewController.h */ = {isa = PBXFileReference; fileEncoding = 4; lastKnownFileType = sourcecode.c.h; path = SearchResultsViewController.h; sourceTree = "<group>"; };
		C84043DF1B8F050A00C15C9E /* SearchResultsViewController.m */ = {isa = PBXFileReference; fileEncoding = 4; lastKnownFileType = sourcecode.c.objc; path = SearchResultsViewController.m; sourceTree = "<group>"; };
		C84043E21B8F089A00C15C9E /* Constants.h */ = {isa = PBXFileReference; fileEncoding = 4; lastKnownFileType = sourcecode.c.h; path = Constants.h; sourceTree = "<group>"; };
		C84043E31B8F089A00C15C9E /* Constants.m */ = {isa = PBXFileReference; fileEncoding = 4; lastKnownFileType = sourcecode.c.objc; path = Constants.m; sourceTree = "<group>"; };
		C84043E61B8F0DC300C15C9E /* Listing.h */ = {isa = PBXFileReference; lastKnownFileType = sourcecode.c.h; path = Listing.h; sourceTree = "<group>"; };
		C84043E71B8F0DCB00C15C9E /* Listing.m */ = {isa = PBXFileReference; fileEncoding = 4; lastKnownFileType = sourcecode.c.objc; path = Listing.m; sourceTree = "<group>"; };
		C84043E91B8F0E5800C15C9E /* Listing+Extensions.h */ = {isa = PBXFileReference; fileEncoding = 4; lastKnownFileType = sourcecode.c.h; path = "Listing+Extensions.h"; sourceTree = "<group>"; };
		C84043EA1B8F0E5800C15C9E /* Listing+Extensions.m */ = {isa = PBXFileReference; fileEncoding = 4; lastKnownFileType = sourcecode.c.objc; path = "Listing+Extensions.m"; sourceTree = "<group>"; };
		C852196F1B8FBF37002CB974 /* SingleListingDetailsViewController.h */ = {isa = PBXFileReference; fileEncoding = 4; lastKnownFileType = sourcecode.c.h; path = SingleListingDetailsViewController.h; sourceTree = "<group>"; };
		C85219701B8FBF37002CB974 /* SingleListingDetailsViewController.m */ = {isa = PBXFileReference; fileEncoding = 4; lastKnownFileType = sourcecode.c.objc; path = SingleListingDetailsViewController.m; sourceTree = "<group>"; };
		C8BB22451C50641D00A7EC23 /* UILabel+UILabelDynamicHeight.h */ = {isa = PBXFileReference; fileEncoding = 4; lastKnownFileType = sourcecode.c.h; path = "UILabel+UILabelDynamicHeight.h"; sourceTree = "<group>"; };
		C8BB22461C50641D00A7EC23 /* UILabel+UILabelDynamicHeight.m */ = {isa = PBXFileReference; fileEncoding = 4; lastKnownFileType = sourcecode.c.objc; path = "UILabel+UILabelDynamicHeight.m"; sourceTree = "<group>"; };
		C8D219491C502BA300937D4B /* NSString+Extensions.h */ = {isa = PBXFileReference; fileEncoding = 4; lastKnownFileType = sourcecode.c.h; path = "NSString+Extensions.h"; sourceTree = "<group>"; };
		C8D2194A1C502BA300937D4B /* NSString+Extensions.m */ = {isa = PBXFileReference; fileEncoding = 4; lastKnownFileType = sourcecode.c.objc; path = "NSString+Extensions.m"; sourceTree = "<group>"; };
		C8DC8A191B8E4135002D395B /* EasyEtsy.app */ = {isa = PBXFileReference; explicitFileType = wrapper.application; includeInIndex = 0; path = EasyEtsy.app; sourceTree = BUILT_PRODUCTS_DIR; };
		C8DC8A1D1B8E4135002D395B /* Info.plist */ = {isa = PBXFileReference; lastKnownFileType = text.plist.xml; path = Info.plist; sourceTree = "<group>"; };
		C8DC8A1E1B8E4135002D395B /* main.m */ = {isa = PBXFileReference; lastKnownFileType = sourcecode.c.objc; path = main.m; sourceTree = "<group>"; };
		C8DC8A201B8E4135002D395B /* AppDelegate.h */ = {isa = PBXFileReference; lastKnownFileType = sourcecode.c.h; path = AppDelegate.h; sourceTree = "<group>"; };
		C8DC8A211B8E4135002D395B /* AppDelegate.m */ = {isa = PBXFileReference; lastKnownFileType = sourcecode.c.objc; path = AppDelegate.m; sourceTree = "<group>"; };
		C8DC8A2A1B8E4135002D395B /* Base */ = {isa = PBXFileReference; lastKnownFileType = file.storyboard; name = Base; path = Base.lproj/Main.storyboard; sourceTree = "<group>"; };
		C8DC8A2C1B8E4135002D395B /* Images.xcassets */ = {isa = PBXFileReference; lastKnownFileType = folder.assetcatalog; path = Images.xcassets; sourceTree = "<group>"; };
		C8DC8A2F1B8E4135002D395B /* Base */ = {isa = PBXFileReference; lastKnownFileType = file.xib; name = Base; path = Base.lproj/LaunchScreen.xib; sourceTree = "<group>"; };
		C8DC8A351B8E4135002D395B /* EasyEtsyTests.xctest */ = {isa = PBXFileReference; explicitFileType = wrapper.cfbundle; includeInIndex = 0; path = EasyEtsyTests.xctest; sourceTree = BUILT_PRODUCTS_DIR; };
		C8DC8A3A1B8E4135002D395B /* Info.plist */ = {isa = PBXFileReference; lastKnownFileType = text.plist.xml; path = Info.plist; sourceTree = "<group>"; };
		C8DC8A3B1B8E4135002D395B /* EasyEtsyTests.m */ = {isa = PBXFileReference; lastKnownFileType = sourcecode.c.objc; path = EasyEtsyTests.m; sourceTree = "<group>"; };
		EA9B8C289057B1A76F85CA43 /* libPods-EasyEtsy.a */ = {isa = PBXFileReference; explicitFileType = archive.ar; includeInIndex = 0; path = "libPods-EasyEtsy.a"; sourceTree = BUILT_PRODUCTS_DIR; };
		EABBC268DA1E7652E20D1AD0 /* Pods-EasyEtsyTests.debug.xcconfig */ = {isa = PBXFileReference; includeInIndex = 1; lastKnownFileType = text.xcconfig; name = "Pods-EasyEtsyTests.debug.xcconfig"; path = "Pods/Target Support Files/Pods-EasyEtsyTests/Pods-EasyEtsyTests.debug.xcconfig"; sourceTree = "<group>"; };
		F1F700846DA746328F3AB373 /* Pods-EasyEtsyTests.release.xcconfig */ = {isa = PBXFileReference; includeInIndex = 1; lastKnownFileType = text.xcconfig; name = "Pods-EasyEtsyTests.release.xcconfig"; path = "Pods/Target Support Files/Pods-EasyEtsyTests/Pods-EasyEtsyTests.release.xcconfig"; sourceTree = "<group>"; };
/* End PBXFileReference section */

/* Begin PBXFrameworksBuildPhase section */
		C8DC8A161B8E4135002D395B /* Frameworks */ = {
			isa = PBXFrameworksBuildPhase;
			buildActionMask = 2147483647;
			files = (
				56C4634BB847BF87C6F8F243 /* libPods-EasyEtsy.a in Frameworks */,
			);
			runOnlyForDeploymentPostprocessing = 0;
		};
		C8DC8A321B8E4135002D395B /* Frameworks */ = {
			isa = PBXFrameworksBuildPhase;
			buildActionMask = 2147483647;
			files = (
				D3B3F161042501E61DEA0E8A /* libPods-EasyEtsyTests.a in Frameworks */,
			);
			runOnlyForDeploymentPostprocessing = 0;
		};
/* End PBXFrameworksBuildPhase section */

/* Begin PBXGroup section */
		0795D9A406ED5D61B1C07F1A /* Frameworks */ = {
			isa = PBXGroup;
			children = (
				EA9B8C289057B1A76F85CA43 /* libPods-EasyEtsy.a */,
				05D4339E3FBB51BD17418801 /* libPods-EasyEtsyTests.a */,
			);
			name = Frameworks;
			sourceTree = "<group>";
		};
		12607F031C88B33725C64C48 /* Pods */ = {
			isa = PBXGroup;
			children = (
				42208A473399A155CF17E6BF /* Pods-EasyEtsy.debug.xcconfig */,
				C14BCCF9F656B21480333340 /* Pods-EasyEtsy.release.xcconfig */,
				EABBC268DA1E7652E20D1AD0 /* Pods-EasyEtsyTests.debug.xcconfig */,
				F1F700846DA746328F3AB373 /* Pods-EasyEtsyTests.release.xcconfig */,
			);
			name = Pods;
			sourceTree = "<group>";
		};
		58C7A11BED35B67141FF074E /* ListingResultsBaseViewController */ = {
			isa = PBXGroup;
			children = (
				58C7A4E2A5768FAD0F424123 /* ListingsCollectionBaseViewController.m */,
				58C7AAF64141C360DC4D279F /* ListingsCollectionBaseViewController.h */,
			);
			path = ListingResultsBaseViewController;
			sourceTree = "<group>";
		};
		58C7A2EE0299735632836C82 /* Screenshots */ = {
			isa = PBXGroup;
			children = (
				58C7A64EB7C3EEB62B09FE9A /* searchresults.png */,
				58C7AC552B69A69EDE0AC2FD /* searchscreen.png */,
				58C7AB7FC8892E580D1BA506 /* details.png */,
			);
			path = Screenshots;
			sourceTree = "<group>";
		};
		C80EE0041B91286B0047EC71 /* SavedListingsViewController */ = {
			isa = PBXGroup;
			children = (
				C80EE0051B9128920047EC71 /* SavedListingsCollectionViewController.h */,
				C80EE0061B9128920047EC71 /* SavedListingsCollectionViewController.m */,
			);
			path = SavedListingsViewController;
			sourceTree = "<group>";
		};
		C81C62D31B8E4FFE0062E761 /* Model */ = {
			isa = PBXGroup;
			children = (
				C84043E51B8F0CC700C15C9E /* Listing */,
				C81C62DF1B8E5CC70062E761 /* ListingCategory */,
				C81C62D71B8E50700062E761 /* EasyEtsy.xcdatamodeld */,
			);
			path = Model;
			sourceTree = "<group>";
		};
		C81C62D51B8E50110062E761 /* ViewController */ = {
			isa = PBXGroup;
			children = (
				C80EE0041B91286B0047EC71 /* SavedListingsViewController */,
				C852196E1B8FBF08002CB974 /* SingleListingDetailsViewController */,
				C84043DD1B8F04E200C15C9E /* SearchResultsViewController */,
				C81C62DA1B8E57900062E761 /* SearchViewController */,
				58C7A11BED35B67141FF074E /* ListingResultsBaseViewController */,
			);
			path = ViewController;
			sourceTree = "<group>";
		};
		C81C62D61B8E501B0062E761 /* Logic */ = {
			isa = PBXGroup;
			children = (
				C81C62E31B8E601C0062E761 /* EtsyWebServiceAPI */,
			);
			path = Logic;
			sourceTree = "<group>";
		};
		C81C62DA1B8E57900062E761 /* SearchViewController */ = {
			isa = PBXGroup;
			children = (
				C81C62DB1B8E58230062E761 /* SearchViewController.h */,
				C81C62DC1B8E58230062E761 /* SearchViewController.m */,
			);
			path = SearchViewController;
			sourceTree = "<group>";
		};
		C81C62DF1B8E5CC70062E761 /* ListingCategory */ = {
			isa = PBXGroup;
			children = (
				C81C62E01B8E5D3E0062E761 /* ListingCategory.h */,
				C81C62E11B8E5D3E0062E761 /* ListingCategory.m */,
			);
			path = ListingCategory;
			sourceTree = "<group>";
		};
		C81C62E31B8E601C0062E761 /* EtsyWebServiceAPI */ = {
			isa = PBXGroup;
			children = (
				C81C62E41B8E60400062E761 /* EtsyWebServiceAPI.h */,
				C81C62E51B8E60400062E761 /* EtsyWebServiceAPI.m */,
				C81C62E71B8E60A70062E761 /* EtsyWebServiceAPIConstants.h */,
				C81C62E81B8E60A70062E761 /* EtsyWebServiceAPIConstants.m */,
			);
			path = EtsyWebServiceAPI;
			sourceTree = "<group>";
		};
		C84043D81B8F03B400C15C9E /* View */ = {
			isa = PBXGroup;
			children = (
				C84043D91B8F043400C15C9E /* ListingCollectionViewCell */,
			);
			path = View;
			sourceTree = "<group>";
		};
		C84043D91B8F043400C15C9E /* ListingCollectionViewCell */ = {
			isa = PBXGroup;
			children = (
				C84043DA1B8F046800C15C9E /* ListingCollectionViewCell.h */,
				C84043DB1B8F046800C15C9E /* ListingCollectionViewCell.m */,
			);
			path = ListingCollectionViewCell;
			sourceTree = "<group>";
		};
		C84043DD1B8F04E200C15C9E /* SearchResultsViewController */ = {
			isa = PBXGroup;
			children = (
				C84043DE1B8F050A00C15C9E /* SearchResultsViewController.h */,
				C84043DF1B8F050A00C15C9E /* SearchResultsViewController.m */,
			);
			path = SearchResultsViewController;
			sourceTree = "<group>";
		};
		C84043E11B8F088500C15C9E /* Constants */ = {
			isa = PBXGroup;
			children = (
				C84043E21B8F089A00C15C9E /* Constants.h */,
				C84043E31B8F089A00C15C9E /* Constants.m */,
			);
			path = Constants;
			sourceTree = "<group>";
		};
		C84043E51B8F0CC700C15C9E /* Listing */ = {
			isa = PBXGroup;
			children = (
				C84043E61B8F0DC300C15C9E /* Listing.h */,
				C84043E71B8F0DCB00C15C9E /* Listing.m */,
				C84043E91B8F0E5800C15C9E /* Listing+Extensions.h */,
				C84043EA1B8F0E5800C15C9E /* Listing+Extensions.m */,
			);
			path = Listing;
			sourceTree = "<group>";
		};
		C852196E1B8FBF08002CB974 /* SingleListingDetailsViewController */ = {
			isa = PBXGroup;
			children = (
				C852196F1B8FBF37002CB974 /* SingleListingDetailsViewController.h */,
				C85219701B8FBF37002CB974 /* SingleListingDetailsViewController.m */,
			);
			path = SingleListingDetailsViewController;
			sourceTree = "<group>";
		};
		C8D219481C502B8200937D4B /* Categories */ = {
			isa = PBXGroup;
			children = (
				C8D219491C502BA300937D4B /* NSString+Extensions.h */,
				C8D2194A1C502BA300937D4B /* NSString+Extensions.m */,
				C8BB22451C50641D00A7EC23 /* UILabel+UILabelDynamicHeight.h */,
				C8BB22461C50641D00A7EC23 /* UILabel+UILabelDynamicHeight.m */,
			);
			path = Categories;
			sourceTree = "<group>";
		};
		C8DC8A101B8E4134002D395B = {
			isa = PBXGroup;
			children = (
				ACD0096E1C9305C50030FC19 /* Screenshots */,
				C8DC8A1B1B8E4135002D395B /* EasyEtsy */,
				C8DC8A381B8E4135002D395B /* EasyEtsyTests */,
				C8DC8A1A1B8E4135002D395B /* Products */,
				12607F031C88B33725C64C48 /* Pods */,
				0795D9A406ED5D61B1C07F1A /* Frameworks */,
			);
			sourceTree = "<group>";
		};
		C8DC8A1A1B8E4135002D395B /* Products */ = {
			isa = PBXGroup;
			children = (
				C8DC8A191B8E4135002D395B /* EasyEtsy.app */,
				C8DC8A351B8E4135002D395B /* EasyEtsyTests.xctest */,
			);
			name = Products;
			sourceTree = "<group>";
		};
		C8DC8A1B1B8E4135002D395B /* EasyEtsy */ = {
			isa = PBXGroup;
			children = (
				C8D219481C502B8200937D4B /* Categories */,
				C84043E11B8F088500C15C9E /* Constants */,
				C84043D81B8F03B400C15C9E /* View */,
				C8DC8A201B8E4135002D395B /* AppDelegate.h */,
				C8DC8A211B8E4135002D395B /* AppDelegate.m */,
				C81C62D61B8E501B0062E761 /* Logic */,
				C81C62D51B8E50110062E761 /* ViewController */,
				C81C62D31B8E4FFE0062E761 /* Model */,
				C8DC8A291B8E4135002D395B /* Main.storyboard */,
				C8DC8A2C1B8E4135002D395B /* Images.xcassets */,
				C8DC8A2E1B8E4135002D395B /* LaunchScreen.xib */,
				C8DC8A1C1B8E4135002D395B /* Supporting Files */,
				58C7A2EE0299735632836C82 /* Screenshots */,
			);
			path = EasyEtsy;
			sourceTree = "<group>";
		};
		C8DC8A1C1B8E4135002D395B /* Supporting Files */ = {
			isa = PBXGroup;
			children = (
				C8DC8A1D1B8E4135002D395B /* Info.plist */,
				C8DC8A1E1B8E4135002D395B /* main.m */,
			);
			name = "Supporting Files";
			sourceTree = "<group>";
		};
		C8DC8A381B8E4135002D395B /* EasyEtsyTests */ = {
			isa = PBXGroup;
			children = (
				C8DC8A3B1B8E4135002D395B /* EasyEtsyTests.m */,
				C8DC8A391B8E4135002D395B /* Supporting Files */,
			);
			path = EasyEtsyTests;
			sourceTree = "<group>";
		};
		C8DC8A391B8E4135002D395B /* Supporting Files */ = {
			isa = PBXGroup;
			children = (
				C8DC8A3A1B8E4135002D395B /* Info.plist */,
			);
			name = "Supporting Files";
			sourceTree = "<group>";
		};
/* End PBXGroup section */

/* Begin PBXNativeTarget section */
		C8DC8A181B8E4135002D395B /* EasyEtsy */ = {
			isa = PBXNativeTarget;
			buildConfigurationList = C8DC8A3F1B8E4135002D395B /* Build configuration list for PBXNativeTarget "EasyEtsy" */;
			buildPhases = (
				73D847235D1D644FEB30497F /* Check Pods Manifest.lock */,
				C8DC8A151B8E4135002D395B /* Sources */,
				C8DC8A161B8E4135002D395B /* Frameworks */,
				C8DC8A171B8E4135002D395B /* Resources */,
				AE7C38F0686E71D1FB80BA4D /* Embed Pods Frameworks */,
				2791988AC69FF6875A2C4031 /* Copy Pods Resources */,
			);
			buildRules = (
			);
			dependencies = (
			);
			name = EasyEtsy;
			productName = EasyEtsy;
			productReference = C8DC8A191B8E4135002D395B /* EasyEtsy.app */;
			productType = "com.apple.product-type.application";
		};
		C8DC8A341B8E4135002D395B /* EasyEtsyTests */ = {
			isa = PBXNativeTarget;
			buildConfigurationList = C8DC8A421B8E4135002D395B /* Build configuration list for PBXNativeTarget "EasyEtsyTests" */;
			buildPhases = (
				A73B13D858AB253E21A909A1 /* Check Pods Manifest.lock */,
				C8DC8A311B8E4135002D395B /* Sources */,
				C8DC8A321B8E4135002D395B /* Frameworks */,
				C8DC8A331B8E4135002D395B /* Resources */,
				6673A56823A2AB42982F1CFF /* Embed Pods Frameworks */,
				FCA70FC14CE2CA0F9C129AED /* Copy Pods Resources */,
			);
			buildRules = (
			);
			dependencies = (
				C8DC8A371B8E4135002D395B /* PBXTargetDependency */,
			);
			name = EasyEtsyTests;
			productName = EasyEtsyTests;
			productReference = C8DC8A351B8E4135002D395B /* EasyEtsyTests.xctest */;
			productType = "com.apple.product-type.bundle.unit-test";
		};
/* End PBXNativeTarget section */

/* Begin PBXProject section */
		C8DC8A111B8E4134002D395B /* Project object */ = {
			isa = PBXProject;
			attributes = {
				LastUpgradeCheck = 0720;
				ORGANIZATIONNAME = "Artem Kalinovsky";
				TargetAttributes = {
					C8DC8A181B8E4135002D395B = {
						CreatedOnToolsVersion = 6.2;
					};
					C8DC8A341B8E4135002D395B = {
						CreatedOnToolsVersion = 6.2;
						TestTargetID = C8DC8A181B8E4135002D395B;
					};
				};
			};
			buildConfigurationList = C8DC8A141B8E4134002D395B /* Build configuration list for PBXProject "EasyEtsy" */;
			compatibilityVersion = "Xcode 3.2";
			developmentRegion = English;
			hasScannedForEncodings = 0;
			knownRegions = (
				en,
				Base,
			);
			mainGroup = C8DC8A101B8E4134002D395B;
			productRefGroup = C8DC8A1A1B8E4135002D395B /* Products */;
			projectDirPath = "";
			projectRoot = "";
			targets = (
				C8DC8A181B8E4135002D395B /* EasyEtsy */,
				C8DC8A341B8E4135002D395B /* EasyEtsyTests */,
			);
		};
/* End PBXProject section */

/* Begin PBXResourcesBuildPhase section */
		C8DC8A171B8E4135002D395B /* Resources */ = {
			isa = PBXResourcesBuildPhase;
			buildActionMask = 2147483647;
			files = (
				C8DC8A2B1B8E4135002D395B /* Main.storyboard in Resources */,
				C8DC8A301B8E4135002D395B /* LaunchScreen.xib in Resources */,
				C8DC8A2D1B8E4135002D395B /* Images.xcassets in Resources */,
				58C7A37CCCA072AAE08246F3 /* searchresults.png in Resources */,
				58C7A80705DE0946291F14BA /* searchscreen.png in Resources */,
				ACD0096F1C9305C50030FC19 /* Screenshots in Resources */,
				58C7AFF387C19A4BDF0F2CCB /* details.png in Resources */,
			);
			runOnlyForDeploymentPostprocessing = 0;
		};
		C8DC8A331B8E4135002D395B /* Resources */ = {
			isa = PBXResourcesBuildPhase;
			buildActionMask = 2147483647;
			files = (
			);
			runOnlyForDeploymentPostprocessing = 0;
		};
/* End PBXResourcesBuildPhase section */

/* Begin PBXShellScriptBuildPhase section */
		2791988AC69FF6875A2C4031 /* Copy Pods Resources */ = {
			isa = PBXShellScriptBuildPhase;
			buildActionMask = 2147483647;
			files = (
			);
			inputPaths = (
			);
			name = "Copy Pods Resources";
			outputPaths = (
			);
			runOnlyForDeploymentPostprocessing = 0;
			shellPath = /bin/sh;
			shellScript = "\"${SRCROOT}/Pods/Target Support Files/Pods-EasyEtsy/Pods-EasyEtsy-resources.sh\"\n";
			showEnvVarsInLog = 0;
		};
		6673A56823A2AB42982F1CFF /* Embed Pods Frameworks */ = {
			isa = PBXShellScriptBuildPhase;
			buildActionMask = 2147483647;
			files = (
			);
			inputPaths = (
			);
			name = "Embed Pods Frameworks";
			outputPaths = (
			);
			runOnlyForDeploymentPostprocessing = 0;
			shellPath = /bin/sh;
			shellScript = "\"${SRCROOT}/Pods/Target Support Files/Pods-EasyEtsyTests/Pods-EasyEtsyTests-frameworks.sh\"\n";
			showEnvVarsInLog = 0;
		};
		73D847235D1D644FEB30497F /* Check Pods Manifest.lock */ = {
			isa = PBXShellScriptBuildPhase;
			buildActionMask = 2147483647;
			files = (
			);
			inputPaths = (
			);
			name = "Check Pods Manifest.lock";
			outputPaths = (
			);
			runOnlyForDeploymentPostprocessing = 0;
			shellPath = /bin/sh;
			shellScript = "diff \"${PODS_ROOT}/../Podfile.lock\" \"${PODS_ROOT}/Manifest.lock\" > /dev/null\nif [[ $? != 0 ]] ; then\n    cat << EOM\nerror: The sandbox is not in sync with the Podfile.lock. Run 'pod install' or update your CocoaPods installation.\nEOM\n    exit 1\nfi\n";
			showEnvVarsInLog = 0;
		};
		A73B13D858AB253E21A909A1 /* Check Pods Manifest.lock */ = {
			isa = PBXShellScriptBuildPhase;
			buildActionMask = 2147483647;
			files = (
			);
			inputPaths = (
			);
			name = "Check Pods Manifest.lock";
			outputPaths = (
			);
			runOnlyForDeploymentPostprocessing = 0;
			shellPath = /bin/sh;
			shellScript = "diff \"${PODS_ROOT}/../Podfile.lock\" \"${PODS_ROOT}/Manifest.lock\" > /dev/null\nif [[ $? != 0 ]] ; then\n    cat << EOM\nerror: The sandbox is not in sync with the Podfile.lock. Run 'pod install' or update your CocoaPods installation.\nEOM\n    exit 1\nfi\n";
			showEnvVarsInLog = 0;
		};
		AE7C38F0686E71D1FB80BA4D /* Embed Pods Frameworks */ = {
			isa = PBXShellScriptBuildPhase;
			buildActionMask = 2147483647;
			files = (
			);
			inputPaths = (
			);
			name = "Embed Pods Frameworks";
			outputPaths = (
			);
			runOnlyForDeploymentPostprocessing = 0;
			shellPath = /bin/sh;
			shellScript = "\"${SRCROOT}/Pods/Target Support Files/Pods-EasyEtsy/Pods-EasyEtsy-frameworks.sh\"\n";
			showEnvVarsInLog = 0;
		};
		FCA70FC14CE2CA0F9C129AED /* Copy Pods Resources */ = {
			isa = PBXShellScriptBuildPhase;
			buildActionMask = 2147483647;
			files = (
			);
			inputPaths = (
			);
			name = "Copy Pods Resources";
			outputPaths = (
			);
			runOnlyForDeploymentPostprocessing = 0;
			shellPath = /bin/sh;
			shellScript = "\"${SRCROOT}/Pods/Target Support Files/Pods-EasyEtsyTests/Pods-EasyEtsyTests-resources.sh\"\n";
			showEnvVarsInLog = 0;
		};
/* End PBXShellScriptBuildPhase section */

/* Begin PBXSourcesBuildPhase section */
		C8DC8A151B8E4135002D395B /* Sources */ = {
			isa = PBXSourcesBuildPhase;
			buildActionMask = 2147483647;
			files = (
				C8D2194B1C502BA300937D4B /* NSString+Extensions.m in Sources */,
				C84043E01B8F050A00C15C9E /* SearchResultsViewController.m in Sources */,
				C81C62E61B8E60400062E761 /* EtsyWebServiceAPI.m in Sources */,
				C81C62E91B8E60A70062E761 /* EtsyWebServiceAPIConstants.m in Sources */,
				C81C62E21B8E5D3E0062E761 /* ListingCategory.m in Sources */,
				C8DC8A221B8E4135002D395B /* AppDelegate.m in Sources */,
				C84043E41B8F089A00C15C9E /* Constants.m in Sources */,
				C8DC8A1F1B8E4135002D395B /* main.m in Sources */,
				C80EE0071B9128920047EC71 /* SavedListingsCollectionViewController.m in Sources */,
				C85219711B8FBF37002CB974 /* SingleListingDetailsViewController.m in Sources */,
				C84043E81B8F0DCB00C15C9E /* Listing.m in Sources */,
				C84043EB1B8F0E5800C15C9E /* Listing+Extensions.m in Sources */,
				C81C62DD1B8E58230062E761 /* SearchViewController.m in Sources */,
				C81C62D91B8E50700062E761 /* EasyEtsy.xcdatamodeld in Sources */,
				C8BB22471C50641D00A7EC23 /* UILabel+UILabelDynamicHeight.m in Sources */,
				C84043DC1B8F046800C15C9E /* ListingCollectionViewCell.m in Sources */,
				58C7AB2267BB7E62066EA3B0 /* ListingsCollectionBaseViewController.m in Sources */,
			);
			runOnlyForDeploymentPostprocessing = 0;
		};
		C8DC8A311B8E4135002D395B /* Sources */ = {
			isa = PBXSourcesBuildPhase;
			buildActionMask = 2147483647;
			files = (
				C8DC8A3C1B8E4135002D395B /* EasyEtsyTests.m in Sources */,
			);
			runOnlyForDeploymentPostprocessing = 0;
		};
/* End PBXSourcesBuildPhase section */

/* Begin PBXTargetDependency section */
		C8DC8A371B8E4135002D395B /* PBXTargetDependency */ = {
			isa = PBXTargetDependency;
			target = C8DC8A181B8E4135002D395B /* EasyEtsy */;
			targetProxy = C8DC8A361B8E4135002D395B /* PBXContainerItemProxy */;
		};
/* End PBXTargetDependency section */

/* Begin PBXVariantGroup section */
		C8DC8A291B8E4135002D395B /* Main.storyboard */ = {
			isa = PBXVariantGroup;
			children = (
				C8DC8A2A1B8E4135002D395B /* Base */,
			);
			name = Main.storyboard;
			sourceTree = "<group>";
		};
		C8DC8A2E1B8E4135002D395B /* LaunchScreen.xib */ = {
			isa = PBXVariantGroup;
			children = (
				C8DC8A2F1B8E4135002D395B /* Base */,
			);
			name = LaunchScreen.xib;
			sourceTree = "<group>";
		};
/* End PBXVariantGroup section */

/* Begin XCBuildConfiguration section */
		C8DC8A3D1B8E4135002D395B /* Debug */ = {
			isa = XCBuildConfiguration;
			buildSettings = {
				ALWAYS_SEARCH_USER_PATHS = NO;
				CLANG_CXX_LANGUAGE_STANDARD = "gnu++0x";
				CLANG_CXX_LIBRARY = "libc++";
				CLANG_ENABLE_MODULES = YES;
				CLANG_ENABLE_OBJC_ARC = YES;
				CLANG_WARN_BOOL_CONVERSION = YES;
				CLANG_WARN_CONSTANT_CONVERSION = YES;
				CLANG_WARN_DIRECT_OBJC_ISA_USAGE = YES_ERROR;
				CLANG_WARN_EMPTY_BODY = YES;
				CLANG_WARN_ENUM_CONVERSION = YES;
				CLANG_WARN_INT_CONVERSION = YES;
				CLANG_WARN_OBJC_ROOT_CLASS = YES_ERROR;
				CLANG_WARN_UNREACHABLE_CODE = YES;
				CLANG_WARN__DUPLICATE_METHOD_MATCH = YES;
				"CODE_SIGN_IDENTITY[sdk=iphoneos*]" = "iPhone Developer";
				COPY_PHASE_STRIP = NO;
				ENABLE_STRICT_OBJC_MSGSEND = YES;
				ENABLE_TESTABILITY = YES;
				GCC_C_LANGUAGE_STANDARD = gnu99;
				GCC_DYNAMIC_NO_PIC = NO;
				GCC_OPTIMIZATION_LEVEL = 0;
				GCC_PREPROCESSOR_DEFINITIONS = (
					"DEBUG=1",
					"$(inherited)",
				);
				GCC_SYMBOLS_PRIVATE_EXTERN = NO;
				GCC_WARN_64_TO_32_BIT_CONVERSION = YES;
				GCC_WARN_ABOUT_RETURN_TYPE = YES_ERROR;
				GCC_WARN_UNDECLARED_SELECTOR = YES;
				GCC_WARN_UNINITIALIZED_AUTOS = YES_AGGRESSIVE;
				GCC_WARN_UNUSED_FUNCTION = YES;
				GCC_WARN_UNUSED_VARIABLE = YES;
				IPHONEOS_DEPLOYMENT_TARGET = 8.2;
				MTL_ENABLE_DEBUG_INFO = YES;
				ONLY_ACTIVE_ARCH = YES;
				SDKROOT = iphoneos;
				TARGETED_DEVICE_FAMILY = "1,2";
			};
			name = Debug;
		};
		C8DC8A3E1B8E4135002D395B /* Release */ = {
			isa = XCBuildConfiguration;
			buildSettings = {
				ALWAYS_SEARCH_USER_PATHS = NO;
				CLANG_CXX_LANGUAGE_STANDARD = "gnu++0x";
				CLANG_CXX_LIBRARY = "libc++";
				CLANG_ENABLE_MODULES = YES;
				CLANG_ENABLE_OBJC_ARC = YES;
				CLANG_WARN_BOOL_CONVERSION = YES;
				CLANG_WARN_CONSTANT_CONVERSION = YES;
				CLANG_WARN_DIRECT_OBJC_ISA_USAGE = YES_ERROR;
				CLANG_WARN_EMPTY_BODY = YES;
				CLANG_WARN_ENUM_CONVERSION = YES;
				CLANG_WARN_INT_CONVERSION = YES;
				CLANG_WARN_OBJC_ROOT_CLASS = YES_ERROR;
				CLANG_WARN_UNREACHABLE_CODE = YES;
				CLANG_WARN__DUPLICATE_METHOD_MATCH = YES;
				"CODE_SIGN_IDENTITY[sdk=iphoneos*]" = "iPhone Developer";
				COPY_PHASE_STRIP = NO;
				ENABLE_NS_ASSERTIONS = NO;
				ENABLE_STRICT_OBJC_MSGSEND = YES;
				GCC_C_LANGUAGE_STANDARD = gnu99;
				GCC_WARN_64_TO_32_BIT_CONVERSION = YES;
				GCC_WARN_ABOUT_RETURN_TYPE = YES_ERROR;
				GCC_WARN_UNDECLARED_SELECTOR = YES;
				GCC_WARN_UNINITIALIZED_AUTOS = YES_AGGRESSIVE;
				GCC_WARN_UNUSED_FUNCTION = YES;
				GCC_WARN_UNUSED_VARIABLE = YES;
				IPHONEOS_DEPLOYMENT_TARGET = 8.2;
				MTL_ENABLE_DEBUG_INFO = NO;
				SDKROOT = iphoneos;
				TARGETED_DEVICE_FAMILY = "1,2";
				VALIDATE_PRODUCT = YES;
			};
			name = Release;
		};
		C8DC8A401B8E4135002D395B /* Debug */ = {
			isa = XCBuildConfiguration;
			baseConfigurationReference = 42208A473399A155CF17E6BF /* Pods-EasyEtsy.debug.xcconfig */;
			buildSettings = {
				ASSETCATALOG_COMPILER_APPICON_NAME = AppIcon;
				INFOPLIST_FILE = EasyEtsy/Info.plist;
				LD_RUNPATH_SEARCH_PATHS = "$(inherited) @executable_path/Frameworks";
				PRODUCT_BUNDLE_IDENTIFIER = "com.artemkalinovsky.$(PRODUCT_NAME:rfc1034identifier)";
				PRODUCT_NAME = "$(TARGET_NAME)";
				USER_HEADER_SEARCH_PATHS = "\"${PROJECT_DIR}/Pods\"/**";
			};
			name = Debug;
		};
		C8DC8A411B8E4135002D395B /* Release */ = {
			isa = XCBuildConfiguration;
			baseConfigurationReference = C14BCCF9F656B21480333340 /* Pods-EasyEtsy.release.xcconfig */;
			buildSettings = {
				ASSETCATALOG_COMPILER_APPICON_NAME = AppIcon;
				INFOPLIST_FILE = EasyEtsy/Info.plist;
				LD_RUNPATH_SEARCH_PATHS = "$(inherited) @executable_path/Frameworks";
				PRODUCT_BUNDLE_IDENTIFIER = "com.artemkalinovsky.$(PRODUCT_NAME:rfc1034identifier)";
				PRODUCT_NAME = "$(TARGET_NAME)";
				USER_HEADER_SEARCH_PATHS = "\"${PROJECT_DIR}/Pods\"/**";
			};
			name = Release;
		};
		C8DC8A431B8E4135002D395B /* Debug */ = {
			isa = XCBuildConfiguration;
			baseConfigurationReference = EABBC268DA1E7652E20D1AD0 /* Pods-EasyEtsyTests.debug.xcconfig */;
			buildSettings = {
				BUNDLE_LOADER = "$(TEST_HOST)";
				FRAMEWORK_SEARCH_PATHS = (
					"$(SDKROOT)/Developer/Library/Frameworks",
					"$(inherited)",
				);
				GCC_PREPROCESSOR_DEFINITIONS = (
					"DEBUG=1",
					"$(inherited)",
				);
				INFOPLIST_FILE = EasyEtsyTests/Info.plist;
				LD_RUNPATH_SEARCH_PATHS = "$(inherited) @executable_path/Frameworks @loader_path/Frameworks";
				PRODUCT_BUNDLE_IDENTIFIER = "com.artemkalinovsky.$(PRODUCT_NAME:rfc1034identifier)";
				PRODUCT_NAME = "$(TARGET_NAME)";
				TEST_HOST = "$(BUILT_PRODUCTS_DIR)/EasyEtsy.app/EasyEtsy";
			};
			name = Debug;
		};
		C8DC8A441B8E4135002D395B /* Release */ = {
			isa = XCBuildConfiguration;
			baseConfigurationReference = F1F700846DA746328F3AB373 /* Pods-EasyEtsyTests.release.xcconfig */;
			buildSettings = {
				BUNDLE_LOADER = "$(TEST_HOST)";
				FRAMEWORK_SEARCH_PATHS = (
					"$(SDKROOT)/Developer/Library/Frameworks",
					"$(inherited)",
				);
				INFOPLIST_FILE = EasyEtsyTests/Info.plist;
				LD_RUNPATH_SEARCH_PATHS = "$(inherited) @executable_path/Frameworks @loader_path/Frameworks";
				PRODUCT_BUNDLE_IDENTIFIER = "com.artemkalinovsky.$(PRODUCT_NAME:rfc1034identifier)";
				PRODUCT_NAME = "$(TARGET_NAME)";
				TEST_HOST = "$(BUILT_PRODUCTS_DIR)/EasyEtsy.app/EasyEtsy";
			};
			name = Release;
		};
/* End XCBuildConfiguration section */

/* Begin XCConfigurationList section */
		C8DC8A141B8E4134002D395B /* Build configuration list for PBXProject "EasyEtsy" */ = {
			isa = XCConfigurationList;
			buildConfigurations = (
				C8DC8A3D1B8E4135002D395B /* Debug */,
				C8DC8A3E1B8E4135002D395B /* Release */,
			);
			defaultConfigurationIsVisible = 0;
			defaultConfigurationName = Release;
		};
		C8DC8A3F1B8E4135002D395B /* Build configuration list for PBXNativeTarget "EasyEtsy" */ = {
			isa = XCConfigurationList;
			buildConfigurations = (
				C8DC8A401B8E4135002D395B /* Debug */,
				C8DC8A411B8E4135002D395B /* Release */,
			);
			defaultConfigurationIsVisible = 0;
			defaultConfigurationName = Release;
		};
		C8DC8A421B8E4135002D395B /* Build configuration list for PBXNativeTarget "EasyEtsyTests" */ = {
			isa = XCConfigurationList;
			buildConfigurations = (
				C8DC8A431B8E4135002D395B /* Debug */,
				C8DC8A441B8E4135002D395B /* Release */,
			);
			defaultConfigurationIsVisible = 0;
			defaultConfigurationName = Release;
		};
/* End XCConfigurationList section */

/* Begin XCVersionGroup section */
		C81C62D71B8E50700062E761 /* EasyEtsy.xcdatamodeld */ = {
			isa = XCVersionGroup;
			children = (
				C81C62D81B8E50700062E761 /* EasyEtsy.xcdatamodel */,
			);
			currentVersion = C81C62D81B8E50700062E761 /* EasyEtsy.xcdatamodel */;
			path = EasyEtsy.xcdatamodeld;
			sourceTree = "<group>";
			versionGroupType = wrapper.xcdatamodel;
		};
/* End XCVersionGroup section */
	};
	rootObject = C8DC8A111B8E4134002D395B /* Project object */;
}
